{
  "name": "@erica-s/ai-agent-notify",
  "version": "2.1.5",
  "lockfileVersion": 3,
  "requires": true,
  "packages": {
    "": {
      "name": "@erica-s/ai-agent-notify",
      "version": "2.1.5",
      "hasInstallScript": true,
      "license": "MIT",
      "bin": {
        "ai-agent-notify": "bin/cli.js"
      },
      "engines": {
        "node": ">=16"
      }
    }
  }
}
